<?xml version="1.0" encoding="utf-8"?>
<Project ToolsVersion="4.0" xmlns="http://schemas.microsoft.com/developer/msbuild/2003">
  <ItemGroup>
    <Filter Include="Source Files">
      <UniqueIdentifier>{4FC737F1-C7A5-4376-A066-2A32D752A2FF}</UniqueIdentifier>
    </Filter>
    <Filter Include="Source Files\Core">
      <UniqueIdentifier>{8BC9CEB8-8B4A-11D0-8D11-00A0C91BC942}</UniqueIdentifier>
    </Filter>
    <Filter Include="Source Files\Memory">
      <UniqueIdentifier>{93995380-89BD-4b04-88EB-625FBE52EBFB}</UniqueIdentifier>
    </Filter>
    <Filter Include="Source Files\Process">
      <UniqueIdentifier>{67DA6AB6-F800-4c08-8B7A-83BB121AAD01}</UniqueIdentifier>
    </Filter>
    <Filter Include="Source Files\Stealth">
      <UniqueIdentifier>{9499204F-6ECF-4993-B6B5-E7DAD2B7F1E6}</UniqueIdentifier>
    </Filter>
    <Filter Include="Source Files\Injection">
      <UniqueIdentifier>{A1B2C3D4-E5F6-7890-ABCD-EF1234567890}</UniqueIdentifier>
    </Filter>
    <Filter Include="Source Files\Communication">
      <UniqueIdentifier>{B2C3D4E5-F6A7-8901-BCDE-F12345678901}</UniqueIdentifier>
    </Filter>
    <Filter Include="Source Files\Hooks">
      <UniqueIdentifier>{C3D4E5F6-A7B8-9012-CDEF-123456789012}</UniqueIdentifier>
    </Filter>
    <Filter Include="Source Files\Interrupts">
      <UniqueIdentifier>{D4E5F6A7-B8C9-0123-DEF1-234567890123}</UniqueIdentifier>
    </Filter>
    <Filter Include="Header Files">
      <UniqueIdentifier>{93995380-89BD-4b04-88EB-625FBE52EBFB}</UniqueIdentifier>
    </Filter>
    <Filter Include="Assembly Files">
      <UniqueIdentifier>{67DA6AB6-F800-4c08-8B7A-83BB121AAD01}</UniqueIdentifier>
    </Filter>
  </ItemGroup>
  <ItemGroup>
    <ClCompile Include="src\core\driver.c">
      <Filter>Source Files\Core</Filter>
    </ClCompile>
    <ClCompile Include="src\core\hypervisor.c">
      <Filter>Source Files\Core</Filter>
    </ClCompile>
    <ClCompile Include="src\core\smp.c">
      <Filter>Source Files\Core</Filter>
    </ClCompile>
    <ClCompile Include="src\core\svm.c">
      <Filter>Source Files\Core</Filter>
    </ClCompile>
    <ClCompile Include="src\core\translator.c">
      <Filter>Source Files\Core</Filter>
    </ClCompile>
    <ClCompile Include="src\core\vmexit_handler_npt.c">
      <Filter>Source Files\Core</Filter>
    </ClCompile>
    <ClCompile Include="src\memory\guest_mem.c">
      <Filter>Source Files\Memory</Filter>
    </ClCompile>
    <ClCompile Include="src\memory\layers.c">
      <Filter>Source Files\Memory</Filter>
    </ClCompile>
    <ClCompile Include="src\memory\npt.c">
      <Filter>Source Files\Memory</Filter>
    </ClCompile>
    <ClCompile Include="src\memory\npt_view_switch.c">
      <Filter>Source Files\Memory</Filter>
    </ClCompile>
    <ClCompile Include="src\process\process_manager.c">
      <Filter>Source Files\Process</Filter>
    </ClCompile>
    <ClCompile Include="src\process\process_attach.c">
      <Filter>Source Files\Process</Filter>
    </ClCompile>
    <ClCompile Include="src\stealth\stealth.c">
      <Filter>Source Files\Stealth</Filter>
    </ClCompile>
    <ClCompile Include="src\stealth\anti_debug_shield.c">
      <Filter>Source Files\Stealth</Filter>
    </ClCompile>
    <ClCompile Include="src\injection\shellcode_payload.c">
      <Filter>Source Files\Injection</Filter>
    </ClCompile>
    <ClCompile Include="src\injection\direct_inject.c">
      <Filter>Source Files\Injection</Filter>
    </ClCompile>
    <ClCompile Include="src\communication\communication.c">
      <Filter>Source Files\Communication</Filter>
    </ClCompile>
    <ClCompile Include="src\communication\hypercall_attach.c">
      <Filter>Source Files\Communication</Filter>
    </ClCompile>
    <ClCompile Include="src\hooks\hooks.c">
      <Filter>Source Files\Hooks</Filter>
    </ClCompile>
    <ClCompile Include="src\interrupts\shadow_idt.c">
      <Filter>Source Files\Interrupts</Filter>
    </ClCompile>
  </ItemGroup>
  <ItemGroup>
    <ClInclude Include="include\communication.h">
      <Filter>Header Files</Filter>
    </ClInclude>
    <ClInclude Include="include\guest_mem.h">
      <Filter>Header Files</Filter>
    </ClInclude>
    <ClInclude Include="include\hooks.h">
      <Filter>Header Files</Filter>
    </ClInclude>
    <ClInclude Include="include\layers.h">
      <Filter>Header Files</Filter>
    </ClInclude>
    <ClInclude Include="include\msr.h">
      <Filter>Header Files</Filter>
    </ClInclude>
    <ClInclude Include="include\npt.h">
      <Filter>Header Files</Filter>
    </ClInclude>
    <ClInclude Include="include\npt_view_switch.h">
      <Filter>Header Files</Filter>
    </ClInclude>
    <ClInclude Include="include\process_manager.h">
      <Filter>Header Files</Filter>
    </ClInclude>
    <ClInclude Include="include\process_attach.h">
      <Filter>Header Files</Filter>
    </ClInclude>
    <ClInclude Include="include\shadow_idt.h">
      <Filter>Header Files</Filter>
    </ClInclude>
    <ClInclude Include="include\smp.h">
      <Filter>Header Files</Filter>
    </ClInclude>
    <ClInclude Include="include\stealth.h">
      <Filter>Header Files</Filter>
    </ClInclude>
    <ClInclude Include="include\anti_debug.h">
      <Filter>Header Files</Filter>
    </ClInclude>
    <ClInclude Include="include\svm.h">
      <Filter>Header Files</Filter>
    </ClInclude>
    <ClInclude Include="include\translator.h">
      <Filter>Header Files</Filter>
    </ClInclude>
    <ClInclude Include="include\vcpu.h">
      <Filter>Header Files</Filter>
    </ClInclude>
    <ClInclude Include="include\vmcb.h">
      <Filter>Header Files</Filter>
    </ClInclude>
    <ClInclude Include="include\injection.h">
      <Filter>Header Files</Filter>
    </ClInclude>
  </ItemGroup>
  <ItemGroup>
    <MASM Include="asm\shadow_idt.asm">
      <Filter>Assembly Files</Filter>
    </MASM>
    <MASM Include="asm\vmrun.asm">
      <Filter>Assembly Files</Filter>
    </MASM>
    <MASM Include="asm\invlpga.asm">
      <Filter>Assembly Files</Filter>
    </MASM>
  </ItemGroup>
</Project>
